
Microsoft Visual Studio Solution File, Format Version 12.00
# Visual Studio Version 17
VisualStudioVersion = 17.7.34024.191
MinimumVisualStudioVersion = 10.0.40219.1
Project("{FAE04EC0-301F-11D3-BF4B-00C04F79EFBC}") = "RiccaMod", "RiccaMod\RiccaMod.csproj", "{BF6C3E19-4F74-4434-8684-8AF128EFD078}"
EndProject
Global
	GlobalSection(SolutionConfigurationPlatforms) = preSolution
		Debug|Any CPU = Debug|Any CPU
		Release|Any CPU = Release|Any CPU
	EndGlobalSection
	GlobalSection(ProjectConfigurationPlatforms) = postSolution
		{BF6C3E19-4F74-4434-8684-8AF128EFD078}.Debug|Any CPU.ActiveCfg = Debug|Any CPU
		{BF6C3E19-4F74-4434-8684-8AF128EFD078}.Debug|Any CPU.Build.0 = Debug|Any CPU
		{BF6C3E19-4F74-4434-8684-8AF128EFD078}.Release|Any CPU.ActiveCfg = Release|Any CPU
		{BF6C3E19-4F74-4434-8684-8AF128EFD078}.Release|Any CPU.Build.0 = Release|Any CPU
	EndGlobalSection
	GlobalSection(SolutionProperties) = preSolution
		HideSolutionNode = FALSE
	EndGlobalSection
	GlobalSection(ExtensibilityGlobals) = postSolution
		SolutionGuid = {A85E2EDA-F7E1-474C-B482-54F58F292EA8}
	EndGlobalSection
EndGlobal
